
Microsoft Visual Studio Solution File, Format Version 12.00
# Visual Studio Version 17
VisualStudioVersion = 17.4.33205.214
MinimumVisualStudioVersion = 10.0.40219.1
Project("{FAE04EC0-301F-11D3-BF4B-00C04F79EFBC}") = "DataAccess", "DataAccess\DataAccess.csproj", "{AD50356E-1460-4CE2-AB60-E48B63308D88}"
EndProject
Project("{FAE04EC0-301F-11D3-BF4B-00C04F79EFBC}") = "Business", "Business\Business.csproj", "{80FCF482-B5E6-4BF9-8B88-1240B0A40875}"
EndProject
Project("{FAE04EC0-301F-11D3-BF4B-00C04F79EFBC}") = "Core", "Core\Core.csproj", "{A930770D-33D3-47A8-8349-A492CB7A59BD}"
EndProject
Project("{FAE04EC0-301F-11D3-BF4B-00C04F79EFBC}") = "EcoTech.MVC", "EcoTech.MVC\EcoTech.MVC.csproj", "{F4D52187-17AF-46A4-9752-EFB1FA185B0F}"
EndProject
Global
	GlobalSection(SolutionConfigurationPlatforms) = preSolution
		Debug|Any CPU = Debug|Any CPU
		Release|Any CPU = Release|Any CPU
	EndGlobalSection
	GlobalSection(ProjectConfigurationPlatforms) = postSolution
		{AD50356E-1460-4CE2-AB60-E48B63308D88}.Debug|Any CPU.ActiveCfg = Debug|Any CPU
		{AD50356E-1460-4CE2-AB60-E48B63308D88}.Debug|Any CPU.Build.0 = Debug|Any CPU
		{AD50356E-1460-4CE2-AB60-E48B63308D88}.Release|Any CPU.ActiveCfg = Release|Any CPU
		{AD50356E-1460-4CE2-AB60-E48B63308D88}.Release|Any CPU.Build.0 = Release|Any CPU
		{80FCF482-B5E6-4BF9-8B88-1240B0A40875}.Debug|Any CPU.ActiveCfg = Debug|Any CPU
		{80FCF482-B5E6-4BF9-8B88-1240B0A40875}.Debug|Any CPU.Build.0 = Debug|Any CPU
		{80FCF482-B5E6-4BF9-8B88-1240B0A40875}.Release|Any CPU.ActiveCfg = Release|Any CPU
		{80FCF482-B5E6-4BF9-8B88-1240B0A40875}.Release|Any CPU.Build.0 = Release|Any CPU
		{A930770D-33D3-47A8-8349-A492CB7A59BD}.Debug|Any CPU.ActiveCfg = Debug|Any CPU
		{A930770D-33D3-47A8-8349-A492CB7A59BD}.Debug|Any CPU.Build.0 = Debug|Any CPU
		{A930770D-33D3-47A8-8349-A492CB7A59BD}.Release|Any CPU.ActiveCfg = Release|Any CPU
		{A930770D-33D3-47A8-8349-A492CB7A59BD}.Release|Any CPU.Build.0 = Release|Any CPU
		{F4D52187-17AF-46A4-9752-EFB1FA185B0F}.Debug|Any CPU.ActiveCfg = Debug|Any CPU
		{F4D52187-17AF-46A4-9752-EFB1FA185B0F}.Debug|Any CPU.Build.0 = Debug|Any CPU
		{F4D52187-17AF-46A4-9752-EFB1FA185B0F}.Release|Any CPU.ActiveCfg = Release|Any CPU
		{F4D52187-17AF-46A4-9752-EFB1FA185B0F}.Release|Any CPU.Build.0 = Release|Any CPU
	EndGlobalSection
	GlobalSection(SolutionProperties) = preSolution
		HideSolutionNode = FALSE
	EndGlobalSection
	GlobalSection(ExtensibilityGlobals) = postSolution
		SolutionGuid = {B2A9E63B-1BAC-4024-AE69-F783D346624C}
	EndGlobalSection
EndGlobal
